version = 1
revision = 3
requires-python = ">=3.14.3"

[[package]]
name = "mosterrules"
version = "0.1.0"
source = { virtual = "." }

[package.dev-dependencies]
dev = [
    { name = "ruff" },
    { name = "ty" },
]

[package.metadata]

[package.metadata.requires-dev]
dev = [
    { name = "ruff", specifier = ">=0.15.22" },
    { name = "ty", specifier = ">=0.0.52" },
]

[[package]]
name = "ruff"
version = "0.15.22"
source = { registry = "https://pypi.org/simple" }
sdist = { url = "https://files.pythonhosted.org/packages/3a/06/ae069393fc66e8ff33036d4b368003833bf6e88ccf182e17e7a2f1c754fd/ruff-0.15.22.tar.gz", hash = "sha256:3f15175b1fb580126f58285a5dae6b2ea89000136d980c64499211f116b54809", size = 4785063, upload-time = "2026-07-16T15:14:13.244Z" }
wheels = [
    { url = "https://files.pythonhosted.org/packages/23/18/ee54b7ae1e121be7a28ea6da4b67564ebb0530e183a54415ab7e3bcd2c4e/ruff-0.15.22-py3-none-linux_armv6l.whl", hash = "sha256:44423e73493737f5e7c5b41d475483898ff37afcdae38bc3da5085e29af1c2d8", size = 10781258, upload-time = "2026-07-16T15:13:19.452Z" },
    { url = "https://files.pythonhosted.org/packages/2f/d2/2520cb14761ddbeaf57642a76942fc36adcbdbe53b4532241995f6fc485c/ruff-0.15.22-py3-none-macosx_10_12_x86_64.whl", hash = "sha256:b82c6482946e9eda7ff2e091d25b8bad3f718684e1916d41bd56873cee05b697", size = 10999477, upload-time = "2026-07-16T15:13:23.318Z" },
    { url = "https://files.pythonhosted.org/packages/c9/10/74e53572aa758dfaa678c2a2646b5c5515d884b7ca56be4d2ce03ca4b560/ruff-0.15.22-py3-none-macosx_11_0_arm64.whl", hash = "sha256:11c1c715af53a09f714e011106bffc419751ec8232fcb5da42173284ea3fec6f", size = 10466716, upload-time = "2026-07-16T15:13:26.162Z" },
    { url = "https://files.pythonhosted.org/packages/1e/cc/44eaaf0844e028182f2d0a8f2190d0f359159aed0a9e5ab861d892f1ae2a/ruff-0.15.22-py3-none-manylinux_2_17_aarch64.manylinux2014_aarch64.whl", hash = "sha256:742a29cf29bddb7c8327895d6a10e0e6c5b38a96dd407af9b5d0857f809c0576", size = 10892644, upload-time = "2026-07-16T15:13:29.229Z" },
    { url = "https://files.pythonhosted.org/packages/9f/21/8edf559014d2b0f82beea19cfb713993ad802ccda16868769979c6090a84/ruff-0.15.22-py3-none-manylinux_2_17_armv7l.manylinux2014_armv7l.whl", hash = "sha256:72af58b951b0ae395935ae79763dc349bc0eb706319d28f7a33ad2cfb3cfc178", size = 10576719, upload-time = "2026-07-16T15:13:32.35Z" },
    { url = "https://files.pythonhosted.org/packages/bf/1e/3a13abd392a3b50b62e5938a831f9ab6e588358cacad5c18545b716d2182/ruff-0.15.22-py3-none-manylinux_2_17_i686.manylinux2014_i686.whl", hash = "sha256:62d425005c1835eb24e2ee4161cb90e8db263415f4a71c8c72c33abaa6c0c224", size = 11376494, upload-time = "2026-07-16T15:13:35.958Z" },
    { url = "https://files.pythonhosted.org/packages/bf/3e/422d3d95bcf04dd78e1aeac22184d4f9a8fb2c01865d39d44618484a0317/ruff-0.15.22-py3-none-manylinux_2_17_ppc64le.manylinux2014_ppc64le.whl", hash = "sha256:e8b9b3f8779a4f08c969defc3c8c35abffaa757e601ed5ae66d6d1db6519969a", size = 12208370, upload-time = "2026-07-16T15:13:39.185Z" },
    { url = "https://files.pythonhosted.org/packages/1e/91/5d065a0e0a02bf4813f5119ad278462eed081d2b832eb7c021ade0ec9e65/ruff-0.15.22-py3-none-manylinux_2_17_s390x.manylinux2014_s390x.whl", hash = "sha256:1e0dd1b2e4d3d585f897a0d137cbf4eaf6223bef4e8ce34d6bb12556c5f9249e", size = 11581098, upload-time = "2026-07-16T15:13:42.132Z" },
    { url = "https://files.pythonhosted.org/packages/f6/f9/a0d4871d12fae702eb1f41b686caf05f1f8b124dc6db6f784f53d74918fa/ruff-0.15.22-py3-none-manylinux_2_17_x86_64.manylinux2014_x86_64.whl", hash = "sha256:365523eb91d9224e1bcb03b022fbf0facb8f9e23792a2c53d9d4b3924bdbdebb", size = 11399422, upload-time = "2026-07-16T15:13:45.2Z" },
    { url = "https://files.pythonhosted.org/packages/18/80/c843a5176cddbceb0b7e8dd41cf9993490796c1c469348d384f5a5c13c56/ruff-0.15.22-py3-none-manylinux_2_31_riscv64.whl", hash = "sha256:fabfd168afdf29fee5be98b831efa9683c94d7c5a3b58b9ce5a2e38444589a74", size = 11381683, upload-time = "2026-07-16T15:13:48.46Z" },
    { url = "https://files.pythonhosted.org/packages/d4/00/8485de0ae92239438a36cfc51350db9b9e85c9ebdfaea91b18e422706662/ruff-0.15.22-py3-none-musllinux_1_2_aarch64.whl", hash = "sha256:225dbf095a87f1d9f90f5fd7924d2613ee452a75a4308c63a8f50f761787aa7c", size = 10850295, upload-time = "2026-07-16T15:13:51.655Z" },
    { url = "https://files.pythonhosted.org/packages/fa/91/24977ec2ec72eaf15e4394ace2959fdff2dd1e14f03e005e838023407169/ruff-0.15.22-py3-none-musllinux_1_2_armv7l.whl", hash = "sha256:1877d63b9d24ed278744f1523fd11b85540566d54641f97c566d7d9dc5ca5296", size = 10579640, upload-time = "2026-07-16T15:13:54.79Z" },
    { url = "https://files.pythonhosted.org/packages/9c/47/9b51216951974df1f263ac19da550d34252e0ed7218c25f10c5ef9ed7517/ruff-0.15.22-py3-none-musllinux_1_2_i686.whl", hash = "sha256:a1606c510bd7215680d32efab38965f7cdec3ef69f5170a3f4791404ffdd5262", size = 11105077, upload-time = "2026-07-16T15:13:57.915Z" },
    { url = "https://files.pythonhosted.org/packages/c2/47/20e9d4a3b8016778acea5fc32bb50d35d207500a17ddb529ffa6996feef8/ruff-0.15.22-py3-none-musllinux_1_2_x86_64.whl", hash = "sha256:630479b18625f5ffc373f77603a22a9f8ac0acd7ff0501178b5db28ec71e9c64", size = 11490980, upload-time = "2026-07-16T15:14:01.032Z" },
    { url = "https://files.pythonhosted.org/packages/4d/76/3f72d8fc38c1cb77b38c56a70da9d0c17700cc1cc50f9649c9d3c8f5ba71/ruff-0.15.22-py3-none-win32.whl", hash = "sha256:e5ba0e4a13fd14abbed2a77b517a3911290c6c6c59ef67784328d1668fab76cf", size = 10789165, upload-time = "2026-07-16T15:14:04.16Z" },
    { url = "https://files.pythonhosted.org/packages/cb/46/4965251734c2b6fcdca1b1b187d20bcac3af0ee5b083b89c910bb961ce3a/ruff-0.15.22-py3-none-win_amd64.whl", hash = "sha256:9be63ba1eb936acd2d1342fb8337c356353706fce233b2a15a09a97037e6acde", size = 11938297, upload-time = "2026-07-16T15:14:07.316Z" },
    { url = "https://files.pythonhosted.org/packages/57/c9/e69b1ff4c8b69093ef08b8919ab767af0569666865b39c30a8795d88d3c6/ruff-0.15.22-py3-none-win_arm64.whl", hash = "sha256:e1168075b72158510839f250027659cdd78476f40507dd517892304c41318661", size = 11298172, upload-time = "2026-07-16T15:14:10.51Z" },
]

[[package]]
name = "ty"
version = "0.0.56"
source = { registry = "https://pypi.org/simple" }
sdist = { url = "https://files.pythonhosted.org/packages/55/07/fb29aea5235b0aa8ecfc4d1cc6ddf9fba8b863d67d96c6d345694d644c43/ty-0.0.56.tar.gz", hash = "sha256:84d114dc3796361c0fc72945016eabd74d46b9ee64f198cb0e485719704681e5", size = 6050123, upload-time = "2026-07-01T16:44:56.036Z" }
wheels = [
    { url = "https://files.pythonhosted.org/packages/dc/48/bce79e7ca5c1cc529d3e0d37ddd1121aea4b68a4f749974ad1cc77161871/ty-0.0.56-py3-none-linux_armv6l.whl", hash = "sha256:186d4a53e15747c947e1ec3d7eec8e345d8e40a1ca10e634c585db52497e87dd", size = 11643066, upload-time = "2026-07-01T16:44:18.374Z" },
    { url = "https://files.pythonhosted.org/packages/80/d1/22555d8a1d719661f10050f3865d877bbf497da908961c75fe22217dd18a/ty-0.0.56-py3-none-macosx_10_12_x86_64.whl", hash = "sha256:aae1a980fd9535da0469b7ba2b2e1b54a907743a5e0f442dd57eee9f5bfd034c", size = 11407487, upload-time = "2026-07-01T16:44:20.956Z" },
    { url = "https://files.pythonhosted.org/packages/cf/2d/b3b7a74ce8bc59ef48843ad80179bb0d9598bbd6cfc0d11d519bdf6b1352/ty-0.0.56-py3-none-macosx_11_0_arm64.whl", hash = "sha256:afd3058c0a6c5f241e814734f133008c93ee805f61c9cf4ce7412b8822b5d9ad", size = 10962270, upload-time = "2026-07-01T16:44:22.959Z" },
    { url = "https://files.pythonhosted.org/packages/64/ac/6c2fd7de0304a8a7218a756af74f7e62a5e8540fdb175e0a869e51042345/ty-0.0.56-py3-none-manylinux_2_17_aarch64.manylinux2014_aarch64.whl", hash = "sha256:058b52f7a823ac13aae3cae30809dd6b5145794b64d8478f9ef38c75d79b4483", size = 11471406, upload-time = "2026-07-01T16:44:25.327Z" },
    { url = "https://files.pythonhosted.org/packages/50/b6/11d861156861c03c7726b74558f9a0e0092661aff83a4fda1279df28c425/ty-0.0.56-py3-none-manylinux_2_17_armv7l.manylinux2014_armv7l.whl", hash = "sha256:2c66e00c1522add1f2bbdd2e45828c953b35c306b7bef03ec9169c75a63699a0", size = 11445612, upload-time = "2026-07-01T16:44:27.531Z" },
    { url = "https://files.pythonhosted.org/packages/fb/ba/09df108582090f3c0770ec4bc8675affed60248f6793a78d909be16211d9/ty-0.0.56-py3-none-manylinux_2_17_i686.manylinux2014_i686.whl", hash = "sha256:40903d71c669a30691b5a5d5728056c7877a1bd6be4f233a38883a8b28cf34d7", size = 12093889, upload-time = "2026-07-01T16:44:29.548Z" },
    { url = "https://files.pythonhosted.org/packages/d7/f7/dbb4b4ccb69cd64c209ae55b1ab788ace8222c2bc1f6845be9e7cbedbf25/ty-0.0.56-py3-none-manylinux_2_17_ppc64le.manylinux2014_ppc64le.whl", hash = "sha256:63fe3947fe0c46c69a7d950e6832ee70a9ec17321fefbff3d2e3c20baf9e5bd0", size = 12666337, upload-time = "2026-07-01T16:44:31.586Z" },
    { url = "https://files.pythonhosted.org/packages/86/e9/73f903fe4a3d9ea02f26f57c1eb07e3b1029ec92b0e8c2364718893440e3/ty-0.0.56-py3-none-manylinux_2_17_s390x.manylinux2014_s390x.whl", hash = "sha256:71a0c1a72f9854532e710e119b6871ffe4542c8a65146f1f65dcd78fecd885b4", size = 12280247, upload-time = "2026-07-01T16:44:33.637Z" },
    { url = "https://files.pythonhosted.org/packages/d6/90/cebd222495832f1a00dcd321ba25f3cab804221a4991b992c2178bec68ee/ty-0.0.56-py3-none-manylinux_2_17_x86_64.manylinux2014_x86_64.whl", hash = "sha256:70d1665596494e24d8ebd198438872b5a56ec3cae5f2bcf6c673be797acc4e3c", size = 11991107, upload-time = "2026-07-01T16:44:36.122Z" },
    { url = "https://files.pythonhosted.org/packages/b7/07/8f7337a07250f42d975cdb6decf47fc5b421e6c7da5e3e7be1e85f63a7e5/ty-0.0.56-py3-none-manylinux_2_31_riscv64.whl", hash = "sha256:778f99e51558afc1dbbe48ee38ab6aae7b31390ed8c1a1ef1499b295e9f1e82f", size = 12298970, upload-time = "2026-07-01T16:44:38.243Z" },
    { url = "https://files.pythonhosted.org/packages/3c/b9/a52cd59034a48f5f18c6b155cc2cc36861d874b6d0af204b12c898024c3d/ty-0.0.56-py3-none-musllinux_1_2_aarch64.whl", hash = "sha256:867bc5708e0066bb4ff6c7db524bd5deea2676c62bfe71d3303138b3be850af0", size = 11425683, upload-time = "2026-07-01T16:44:40.473Z" },
    { url = "https://files.pythonhosted.org/packages/1d/2e/48e42d33357d52eefb695c0c3fcfc96879b73668a7447d1d1e0ad774fedc/ty-0.0.56-py3-none-musllinux_1_2_armv7l.whl", hash = "sha256:a6012f4189c928edb330a37deb9930f982380bd4aa7c4b8e0428eec9651c7551", size = 11469258, upload-time = "2026-07-01T16:44:42.513Z" },
    { url = "https://files.pythonhosted.org/packages/d5/01/ad1b4138be1e3fa97863af3925aa2134f17a593240c35dc38c3429fb5ad1/ty-0.0.56-py3-none-musllinux_1_2_i686.whl", hash = "sha256:8ee83de1a7ff4cc32837ec06134ce391d441bc5b35ecd8d3cfe053f120f3e4c1", size = 11758736, upload-time = "2026-07-01T16:44:44.567Z" },
    { url = "https://files.pythonhosted.org/packages/09/34/9d81967ff240eaa57e9249728ef7b7790747cf6d3c9a98ec86b2cfdcc8ee/ty-0.0.56-py3-none-musllinux_1_2_x86_64.whl", hash = "sha256:62619b3b0e2c6248ef30d3f0e2f2217ae9893040585be07f32324242f197cd6f", size = 12100242, upload-time = "2026-07-01T16:44:46.584Z" },
    { url = "https://files.pythonhosted.org/packages/c3/36/f51d4666d2de6cf33c1f3a1fcc4bb6b70b197dd6ceaa491eef71d78fe8e8/ty-0.0.56-py3-none-win32.whl", hash = "sha256:b30687bb5cd9729d34c889a289edf32770388d9bb05243e534e723fb45e0381b", size = 11093759, upload-time = "2026-07-01T16:44:49.171Z" },
    { url = "https://files.pythonhosted.org/packages/5e/b4/8fb5d4acfa4afb152245b20fa263069a7547bd1f8e4bfca4eda280c897d7/ty-0.0.56-py3-none-win_amd64.whl", hash = "sha256:ad4c8c47b6f4e3f9ed3fc0b1a5d650088d229e17dd8f63c1826d6bbe94cc3235", size = 12100327, upload-time = "2026-07-01T16:44:51.26Z" },
    { url = "https://files.pythonhosted.org/packages/b8/fc/6a183e71edde90d0c35c2303f23f7a45b6891d1a2c45daf7b8f869831e19/ty-0.0.56-py3-none-win_arm64.whl", hash = "sha256:57538f273d444a5f1293fa7860e967178afe3917611fc5eff16b64e1204fe0d6", size = 11538780, upload-time = "2026-07-01T16:44:53.8Z" },
]
